
Microsoft Visual Studio Solution File, Format Version 12.00
# Visual Studio 15
VisualStudioVersion = 15.0.27703.2018
MinimumVisualStudioVersion = 10.0.40219.1
Project("{9A19103F-16F7-4668-BE54-9A1E7A4F7556}") = "DateTimeHelpers", "DateTimeHelpers\DateTimeHelpers.csproj", "{4F0692C4-527E-4EEE-8DBC-D79049420D47}"
EndProject
Project("{FAE04EC0-301F-11D3-BF4B-00C04F79EFBC}") = "DateTimeHelper.Tests", "DateTimeHelper.Tests\DateTimeHelper.Tests.csproj", "{A62DC0B7-0DA1-4AB4-97C2-6F6A2D89B3FD}"
EndProject
Project("{2150E333-8FDC-42A3-9474-1A3956D46DE8}") = "Tests", "Tests", "{4264C806-33EA-4306-ACD4-FE3DDE4CA870}"
EndProject
Project("{2150E333-8FDC-42A3-9474-1A3956D46DE8}") = "DateTimeHelper", "DateTimeHelper", "{EBCB534D-0710-4644-B4F8-4FEE13EA7B8D}"
EndProject
Global
	GlobalSection(SolutionConfigurationPlatforms) = preSolution
		Debug|Any CPU = Debug|Any CPU
		Release|Any CPU = Release|Any CPU
	EndGlobalSection
	GlobalSection(ProjectConfigurationPlatforms) = postSolution
		{4F0692C4-527E-4EEE-8DBC-D79049420D47}.Debug|Any CPU.ActiveCfg = Debug|Any CPU
		{4F0692C4-527E-4EEE-8DBC-D79049420D47}.Debug|Any CPU.Build.0 = Debug|Any CPU
		{4F0692C4-527E-4EEE-8DBC-D79049420D47}.Release|Any CPU.ActiveCfg = Release|Any CPU
		{4F0692C4-527E-4EEE-8DBC-D79049420D47}.Release|Any CPU.Build.0 = Release|Any CPU
		{A62DC0B7-0DA1-4AB4-97C2-6F6A2D89B3FD}.Debug|Any CPU.ActiveCfg = Debug|Any CPU
		{A62DC0B7-0DA1-4AB4-97C2-6F6A2D89B3FD}.Debug|Any CPU.Build.0 = Debug|Any CPU
		{A62DC0B7-0DA1-4AB4-97C2-6F6A2D89B3FD}.Release|Any CPU.ActiveCfg = Release|Any CPU
		{A62DC0B7-0DA1-4AB4-97C2-6F6A2D89B3FD}.Release|Any CPU.Build.0 = Release|Any CPU
	EndGlobalSection
	GlobalSection(SolutionProperties) = preSolution
		HideSolutionNode = FALSE
	EndGlobalSection
	GlobalSection(NestedProjects) = preSolution
		{4F0692C4-527E-4EEE-8DBC-D79049420D47} = {EBCB534D-0710-4644-B4F8-4FEE13EA7B8D}
		{A62DC0B7-0DA1-4AB4-97C2-6F6A2D89B3FD} = {4264C806-33EA-4306-ACD4-FE3DDE4CA870}
	EndGlobalSection
	GlobalSection(ExtensibilityGlobals) = postSolution
		SolutionGuid = {251BE71D-DEDB-4BAC-ABE6-7DCEC8EDE3A3}
	EndGlobalSection
EndGlobal
